
Microsoft Visual Studio Solution File, Format Version 12.00
# Visual Studio Version 17
VisualStudioVersion = 17.13.35825.156 d17.13
MinimumVisualStudioVersion = 10.0.40219.1
Project("{FAE04EC0-301F-11D3-BF4B-00C04F79EFBC}") = "Key_Custodian", "Key_Custodian\Key_Custodian.csproj", "{135319D6-89CE-4782-BBF0-484BC87C1DC6}"
EndProject
Global
	GlobalSection(SolutionConfigurationPlatforms) = preSolution
		Debug|Any CPU = Debug|Any CPU
		Release|Any CPU = Release|Any CPU
	EndGlobalSection
	GlobalSection(ProjectConfigurationPlatforms) = postSolution
		{135319D6-89CE-4782-BBF0-484BC87C1DC6}.Debug|Any CPU.ActiveCfg = Debug|Any CPU
		{135319D6-89CE-4782-BBF0-484BC87C1DC6}.Debug|Any CPU.Build.0 = Debug|Any CPU
		{135319D6-89CE-4782-BBF0-484BC87C1DC6}.Release|Any CPU.ActiveCfg = Release|Any CPU
		{135319D6-89CE-4782-BBF0-484BC87C1DC6}.Release|Any CPU.Build.0 = Release|Any CPU
	EndGlobalSection
	GlobalSection(SolutionProperties) = preSolution
		HideSolutionNode = FALSE
	EndGlobalSection
	GlobalSection(ExtensibilityGlobals) = postSolution
		SolutionGuid = {406AEC6D-A3B1-44B8-A54B-7F33597B45DE}
	EndGlobalSection
EndGlobal
